
Microsoft Visual Studio Solution File, Format Version 12.00
# Visual Studio Version 17
VisualStudioVersion = 17.6.33723.286
MinimumVisualStudioVersion = 10.0.40219.1
Project("{FAE04EC0-301F-11D3-BF4B-00C04F79EFBC}") = "tareaTallerCRUDMurilloCamacho", "tareaTallerCRUDMurilloCamacho.csproj", "{002604ED-7E46-4561-9A1E-440E638A7BAF}"
EndProject
Global
	GlobalSection(SolutionConfigurationPlatforms) = preSolution
		Debug|Any CPU = Debug|Any CPU
		Release|Any CPU = Release|Any CPU
	EndGlobalSection
	GlobalSection(ProjectConfigurationPlatforms) = postSolution
		{002604ED-7E46-4561-9A1E-440E638A7BAF}.Debug|Any CPU.ActiveCfg = Debug|Any CPU
		{002604ED-7E46-4561-9A1E-440E638A7BAF}.Debug|Any CPU.Build.0 = Debug|Any CPU
		{002604ED-7E46-4561-9A1E-440E638A7BAF}.Release|Any CPU.ActiveCfg = Release|Any CPU
		{002604ED-7E46-4561-9A1E-440E638A7BAF}.Release|Any CPU.Build.0 = Release|Any CPU
	EndGlobalSection
	GlobalSection(SolutionProperties) = preSolution
		HideSolutionNode = FALSE
	EndGlobalSection
	GlobalSection(ExtensibilityGlobals) = postSolution
		SolutionGuid = {3EDD9930-D2DB-4AE7-AB9A-93404B005F33}
	EndGlobalSection
EndGlobal
